
Microsoft Visual Studio Solution File, Format Version 12.00
# Visual Studio Version 17
VisualStudioVersion = 17.6.33815.320
MinimumVisualStudioVersion = 10.0.40219.1
Project("{FAE04EC0-301F-11D3-BF4B-00C04F79EFBC}") = "backend", "backend\backend.csproj", "{1EB3D60A-4976-4DE8-9C8D-A05E5B3F44BD}"
EndProject
Global
	GlobalSection(SolutionConfigurationPlatforms) = preSolution
		Debug|Any CPU = Debug|Any CPU
		Release|Any CPU = Release|Any CPU
	EndGlobalSection
	GlobalSection(ProjectConfigurationPlatforms) = postSolution
		{1EB3D60A-4976-4DE8-9C8D-A05E5B3F44BD}.Debug|Any CPU.ActiveCfg = Debug|Any CPU
		{1EB3D60A-4976-4DE8-9C8D-A05E5B3F44BD}.Debug|Any CPU.Build.0 = Debug|Any CPU
		{1EB3D60A-4976-4DE8-9C8D-A05E5B3F44BD}.Release|Any CPU.ActiveCfg = Release|Any CPU
		{1EB3D60A-4976-4DE8-9C8D-A05E5B3F44BD}.Release|Any CPU.Build.0 = Release|Any CPU
	EndGlobalSection
	GlobalSection(SolutionProperties) = preSolution
		HideSolutionNode = FALSE
	EndGlobalSection
	GlobalSection(ExtensibilityGlobals) = postSolution
		SolutionGuid = {62570239-D930-4912-B472-FB8CD9387DBA}
	EndGlobalSection
EndGlobal
